
Microsoft Visual Studio Solution File, Format Version 12.00
Project("{FAE04EC0-301F-11D3-BF4B-00C04F79EFBC}") = "DigitStarterKit", "DigitStarterKit\DigitStarterKit.csproj", "{2B51B0CF-74AC-4AFB-A4D5-5179EAA5E044}"
EndProject
Project("{2150E333-8FDC-42A3-9474-1A3956D46DE8}") = "Solution Items", "Solution Items", "{44556DAC-3352-472C-8596-1705D5B2E943}"
	ProjectSection(SolutionItems) = preProject
		compose.yaml = compose.yaml
	EndProjectSection
EndProject
Project("{FAE04EC0-301F-11D3-BF4B-00C04F79EFBC}") = "BuildingBlocks.Modularity", "BuildingBlocks.Modularity\BuildingBlocks.Modularity.csproj", "{67A96AC7-BBB4-4691-B6E9-A75360DC1BC6}"
EndProject
Project("{FAE04EC0-301F-11D3-BF4B-00C04F79EFBC}") = "Modules.Authentication", "Modules.Authentication\Modules.Authentication.csproj", "{31633AF6-F21A-4988-A6F8-E50087E031BE}"
EndProject
Project("{FAE04EC0-301F-11D3-BF4B-00C04F79EFBC}") = "Modules.Products", "Modules.Products\Modules.Products.csproj", "{544358E4-C0F3-490F-ACE4-5414ADF73B5E}"
EndProject
Project("{FAE04EC0-301F-11D3-BF4B-00C04F79EFBC}") = "Modules.Authentication.Tests", "Modules.Authentication.Tests\Modules.Authentication.Tests.csproj", "{483EF12F-C059-4B6E-AD0C-500A26DCD2E4}"
EndProject
Project("{FAE04EC0-301F-11D3-BF4B-00C04F79EFBC}") = "Modules.Products.Tests", "Modules.Products.Tests\Modules.Products.Tests.csproj", "{7554FC09-6DCA-40B2-9453-08339480EA55}"
EndProject
Project("{FAE04EC0-301F-11D3-BF4B-00C04F79EFBC}") = "Core", "Core\Core.csproj", "{37AC227E-A13D-4154-BE1E-3D55A6B9D47A}"
EndProject
Project("{FAE04EC0-301F-11D3-BF4B-00C04F79EFBC}") = "Modules.Authentication.Application", "Modules.Authentication.Application\Modules.Authentication.Application.csproj", "{B1F0A529-BAFA-4C2F-A03C-A6BFD7021340}"
EndProject
Project("{FAE04EC0-301F-11D3-BF4B-00C04F79EFBC}") = "Modules.Authentication.Infrastructure", "Modules.Authentication.Infrastructure\Modules.Authentication.Infrastructure.csproj", "{D196290B-1993-48B6-ADFA-0F96762D3460}"
EndProject
Project("{FAE04EC0-301F-11D3-BF4B-00C04F79EFBC}") = "Modules.Products.Application", "Modules.Products.Application\Modules.Products.Application.csproj", "{1965B388-FB36-4DD8-81A0-FCAA991D77E5}"
EndProject
Project("{FAE04EC0-301F-11D3-BF4B-00C04F79EFBC}") = "Modules.Products.Infrastructure", "Modules.Products.Infrastructure\Modules.Products.Infrastructure.csproj", "{54CE8165-3BD4-40C4-A060-D896C7FDDD1D}"
EndProject
Project("{FAE04EC0-301F-11D3-BF4B-00C04F79EFBC}") = "Core.Tests", "Core.Tests\Core.Tests.csproj", "{5055A084-94EB-4FAF-84C3-F1C9ED79F17D}"
EndProject
Global
	GlobalSection(SolutionConfigurationPlatforms) = preSolution
		Debug|Any CPU = Debug|Any CPU
		Debug|x64 = Debug|x64
		Debug|x86 = Debug|x86
		Release|Any CPU = Release|Any CPU
		Release|x64 = Release|x64
		Release|x86 = Release|x86
	EndGlobalSection
	GlobalSection(ProjectConfigurationPlatforms) = postSolution
		{2B51B0CF-74AC-4AFB-A4D5-5179EAA5E044}.Debug|Any CPU.ActiveCfg = Debug|Any CPU
		{2B51B0CF-74AC-4AFB-A4D5-5179EAA5E044}.Debug|Any CPU.Build.0 = Debug|Any CPU
		{2B51B0CF-74AC-4AFB-A4D5-5179EAA5E044}.Debug|x64.ActiveCfg = Debug|Any CPU
		{2B51B0CF-74AC-4AFB-A4D5-5179EAA5E044}.Debug|x64.Build.0 = Debug|Any CPU
		{2B51B0CF-74AC-4AFB-A4D5-5179EAA5E044}.Debug|x86.ActiveCfg = Debug|Any CPU
		{2B51B0CF-74AC-4AFB-A4D5-5179EAA5E044}.Debug|x86.Build.0 = Debug|Any CPU
		{2B51B0CF-74AC-4AFB-A4D5-5179EAA5E044}.Release|Any CPU.ActiveCfg = Release|Any CPU
		{2B51B0CF-74AC-4AFB-A4D5-5179EAA5E044}.Release|Any CPU.Build.0 = Release|Any CPU
		{2B51B0CF-74AC-4AFB-A4D5-5179EAA5E044}.Release|x64.ActiveCfg = Release|Any CPU
		{2B51B0CF-74AC-4AFB-A4D5-5179EAA5E044}.Release|x64.Build.0 = Release|Any CPU
		{2B51B0CF-74AC-4AFB-A4D5-5179EAA5E044}.Release|x86.ActiveCfg = Release|Any CPU
		{2B51B0CF-74AC-4AFB-A4D5-5179EAA5E044}.Release|x86.Build.0 = Release|Any CPU
		{67A96AC7-BBB4-4691-B6E9-A75360DC1BC6}.Debug|Any CPU.ActiveCfg = Debug|Any CPU
		{67A96AC7-BBB4-4691-B6E9-A75360DC1BC6}.Debug|Any CPU.Build.0 = Debug|Any CPU
		{67A96AC7-BBB4-4691-B6E9-A75360DC1BC6}.Debug|x64.ActiveCfg = Debug|Any CPU
		{67A96AC7-BBB4-4691-B6E9-A75360DC1BC6}.Debug|x64.Build.0 = Debug|Any CPU
		{67A96AC7-BBB4-4691-B6E9-A75360DC1BC6}.Debug|x86.ActiveCfg = Debug|Any CPU
		{67A96AC7-BBB4-4691-B6E9-A75360DC1BC6}.Debug|x86.Build.0 = Debug|Any CPU
		{67A96AC7-BBB4-4691-B6E9-A75360DC1BC6}.Release|Any CPU.ActiveCfg = Release|Any CPU
		{67A96AC7-BBB4-4691-B6E9-A75360DC1BC6}.Release|Any CPU.Build.0 = Release|Any CPU
		{67A96AC7-BBB4-4691-B6E9-A75360DC1BC6}.Release|x64.ActiveCfg = Release|Any CPU
		{67A96AC7-BBB4-4691-B6E9-A75360DC1BC6}.Release|x64.Build.0 = Release|Any CPU
		{67A96AC7-BBB4-4691-B6E9-A75360DC1BC6}.Release|x86.ActiveCfg = Release|Any CPU
		{67A96AC7-BBB4-4691-B6E9-A75360DC1BC6}.Release|x86.Build.0 = Release|Any CPU
		{31633AF6-F21A-4988-A6F8-E50087E031BE}.Debug|Any CPU.ActiveCfg = Debug|Any CPU
		{31633AF6-F21A-4988-A6F8-E50087E031BE}.Debug|Any CPU.Build.0 = Debug|Any CPU
		{31633AF6-F21A-4988-A6F8-E50087E031BE}.Debug|x64.ActiveCfg = Debug|Any CPU
		{31633AF6-F21A-4988-A6F8-E50087E031BE}.Debug|x64.Build.0 = Debug|Any CPU
		{31633AF6-F21A-4988-A6F8-E50087E031BE}.Debug|x86.ActiveCfg = Debug|Any CPU
		{31633AF6-F21A-4988-A6F8-E50087E031BE}.Debug|x86.Build.0 = Debug|Any CPU
		{31633AF6-F21A-4988-A6F8-E50087E031BE}.Release|Any CPU.ActiveCfg = Release|Any CPU
		{31633AF6-F21A-4988-A6F8-E50087E031BE}.Release|Any CPU.Build.0 = Release|Any CPU
		{31633AF6-F21A-4988-A6F8-E50087E031BE}.Release|x64.ActiveCfg = Release|Any CPU
		{31633AF6-F21A-4988-A6F8-E50087E031BE}.Release|x64.Build.0 = Release|Any CPU
		{31633AF6-F21A-4988-A6F8-E50087E031BE}.Release|x86.ActiveCfg = Release|Any CPU
		{31633AF6-F21A-4988-A6F8-E50087E031BE}.Release|x86.Build.0 = Release|Any CPU
		{544358E4-C0F3-490F-ACE4-5414ADF73B5E}.Debug|Any CPU.ActiveCfg = Debug|Any CPU
		{544358E4-C0F3-490F-ACE4-5414ADF73B5E}.Debug|Any CPU.Build.0 = Debug|Any CPU
		{544358E4-C0F3-490F-ACE4-5414ADF73B5E}.Debug|x64.ActiveCfg = Debug|Any CPU
		{544358E4-C0F3-490F-ACE4-5414ADF73B5E}.Debug|x64.Build.0 = Debug|Any CPU
		{544358E4-C0F3-490F-ACE4-5414ADF73B5E}.Debug|x86.ActiveCfg = Debug|Any CPU
		{544358E4-C0F3-490F-ACE4-5414ADF73B5E}.Debug|x86.Build.0 = Debug|Any CPU
		{544358E4-C0F3-490F-ACE4-5414ADF73B5E}.Release|Any CPU.ActiveCfg = Release|Any CPU
		{544358E4-C0F3-490F-ACE4-5414ADF73B5E}.Release|Any CPU.Build.0 = Release|Any CPU
		{544358E4-C0F3-490F-ACE4-5414ADF73B5E}.Release|x64.ActiveCfg = Release|Any CPU
		{544358E4-C0F3-490F-ACE4-5414ADF73B5E}.Release|x64.Build.0 = Release|Any CPU
		{544358E4-C0F3-490F-ACE4-5414ADF73B5E}.Release|x86.ActiveCfg = Release|Any CPU
		{544358E4-C0F3-490F-ACE4-5414ADF73B5E}.Release|x86.Build.0 = Release|Any CPU
		{483EF12F-C059-4B6E-AD0C-500A26DCD2E4}.Debug|Any CPU.ActiveCfg = Debug|Any CPU
		{483EF12F-C059-4B6E-AD0C-500A26DCD2E4}.Debug|Any CPU.Build.0 = Debug|Any CPU
		{483EF12F-C059-4B6E-AD0C-500A26DCD2E4}.Debug|x64.ActiveCfg = Debug|Any CPU
		{483EF12F-C059-4B6E-AD0C-500A26DCD2E4}.Debug|x64.Build.0 = Debug|Any CPU
		{483EF12F-C059-4B6E-AD0C-500A26DCD2E4}.Debug|x86.ActiveCfg = Debug|Any CPU
		{483EF12F-C059-4B6E-AD0C-500A26DCD2E4}.Debug|x86.Build.0 = Debug|Any CPU
		{483EF12F-C059-4B6E-AD0C-500A26DCD2E4}.Release|Any CPU.ActiveCfg = Release|Any CPU
		{483EF12F-C059-4B6E-AD0C-500A26DCD2E4}.Release|Any CPU.Build.0 = Release|Any CPU
		{483EF12F-C059-4B6E-AD0C-500A26DCD2E4}.Release|x64.ActiveCfg = Release|Any CPU
		{483EF12F-C059-4B6E-AD0C-500A26DCD2E4}.Release|x64.Build.0 = Release|Any CPU
		{483EF12F-C059-4B6E-AD0C-500A26DCD2E4}.Release|x86.ActiveCfg = Release|Any CPU
		{483EF12F-C059-4B6E-AD0C-500A26DCD2E4}.Release|x86.Build.0 = Release|Any CPU
		{7554FC09-6DCA-40B2-9453-08339480EA55}.Debug|Any CPU.ActiveCfg = Debug|Any CPU
		{7554FC09-6DCA-40B2-9453-08339480EA55}.Debug|Any CPU.Build.0 = Debug|Any CPU
		{7554FC09-6DCA-40B2-9453-08339480EA55}.Debug|x64.ActiveCfg = Debug|Any CPU
		{7554FC09-6DCA-40B2-9453-08339480EA55}.Debug|x64.Build.0 = Debug|Any CPU
		{7554FC09-6DCA-40B2-9453-08339480EA55}.Debug|x86.ActiveCfg = Debug|Any CPU
		{7554FC09-6DCA-40B2-9453-08339480EA55}.Debug|x86.Build.0 = Debug|Any CPU
		{7554FC09-6DCA-40B2-9453-08339480EA55}.Release|Any CPU.ActiveCfg = Release|Any CPU
		{7554FC09-6DCA-40B2-9453-08339480EA55}.Release|Any CPU.Build.0 = Release|Any CPU
		{7554FC09-6DCA-40B2-9453-08339480EA55}.Release|x64.ActiveCfg = Release|Any CPU
		{7554FC09-6DCA-40B2-9453-08339480EA55}.Release|x64.Build.0 = Release|Any CPU
		{7554FC09-6DCA-40B2-9453-08339480EA55}.Release|x86.ActiveCfg = Release|Any CPU
		{7554FC09-6DCA-40B2-9453-08339480EA55}.Release|x86.Build.0 = Release|Any CPU
		{37AC227E-A13D-4154-BE1E-3D55A6B9D47A}.Debug|Any CPU.ActiveCfg = Debug|Any CPU
		{37AC227E-A13D-4154-BE1E-3D55A6B9D47A}.Debug|Any CPU.Build.0 = Debug|Any CPU
		{37AC227E-A13D-4154-BE1E-3D55A6B9D47A}.Debug|x64.ActiveCfg = Debug|Any CPU
		{37AC227E-A13D-4154-BE1E-3D55A6B9D47A}.Debug|x64.Build.0 = Debug|Any CPU
		{37AC227E-A13D-4154-BE1E-3D55A6B9D47A}.Debug|x86.ActiveCfg = Debug|Any CPU
		{37AC227E-A13D-4154-BE1E-3D55A6B9D47A}.Debug|x86.Build.0 = Debug|Any CPU
		{37AC227E-A13D-4154-BE1E-3D55A6B9D47A}.Release|Any CPU.ActiveCfg = Release|Any CPU
		{37AC227E-A13D-4154-BE1E-3D55A6B9D47A}.Release|Any CPU.Build.0 = Release|Any CPU
		{37AC227E-A13D-4154-BE1E-3D55A6B9D47A}.Release|x64.ActiveCfg = Release|Any CPU
		{37AC227E-A13D-4154-BE1E-3D55A6B9D47A}.Release|x64.Build.0 = Release|Any CPU
		{37AC227E-A13D-4154-BE1E-3D55A6B9D47A}.Release|x86.ActiveCfg = Release|Any CPU
		{37AC227E-A13D-4154-BE1E-3D55A6B9D47A}.Release|x86.Build.0 = Release|Any CPU
		{B1F0A529-BAFA-4C2F-A03C-A6BFD7021340}.Debug|Any CPU.ActiveCfg = Debug|Any CPU
		{B1F0A529-BAFA-4C2F-A03C-A6BFD7021340}.Debug|Any CPU.Build.0 = Debug|Any CPU
		{B1F0A529-BAFA-4C2F-A03C-A6BFD7021340}.Debug|x64.ActiveCfg = Debug|Any CPU
		{B1F0A529-BAFA-4C2F-A03C-A6BFD7021340}.Debug|x64.Build.0 = Debug|Any CPU
		{B1F0A529-BAFA-4C2F-A03C-A6BFD7021340}.Debug|x86.ActiveCfg = Debug|Any CPU
		{B1F0A529-BAFA-4C2F-A03C-A6BFD7021340}.Debug|x86.Build.0 = Debug|Any CPU
		{B1F0A529-BAFA-4C2F-A03C-A6BFD7021340}.Release|Any CPU.ActiveCfg = Release|Any CPU
		{B1F0A529-BAFA-4C2F-A03C-A6BFD7021340}.Release|Any CPU.Build.0 = Release|Any CPU
		{B1F0A529-BAFA-4C2F-A03C-A6BFD7021340}.Release|x64.ActiveCfg = Release|Any CPU
		{B1F0A529-BAFA-4C2F-A03C-A6BFD7021340}.Release|x64.Build.0 = Release|Any CPU
		{B1F0A529-BAFA-4C2F-A03C-A6BFD7021340}.Release|x86.ActiveCfg = Release|Any CPU
		{B1F0A529-BAFA-4C2F-A03C-A6BFD7021340}.Release|x86.Build.0 = Release|Any CPU
		{D196290B-1993-48B6-ADFA-0F96762D3460}.Debug|Any CPU.ActiveCfg = Debug|Any CPU
		{D196290B-1993-48B6-ADFA-0F96762D3460}.Debug|Any CPU.Build.0 = Debug|Any CPU
		{D196290B-1993-48B6-ADFA-0F96762D3460}.Debug|x64.ActiveCfg = Debug|Any CPU
		{D196290B-1993-48B6-ADFA-0F96762D3460}.Debug|x64.Build.0 = Debug|Any CPU
		{D196290B-1993-48B6-ADFA-0F96762D3460}.Debug|x86.ActiveCfg = Debug|Any CPU
		{D196290B-1993-48B6-ADFA-0F96762D3460}.Debug|x86.Build.0 = Debug|Any CPU
		{D196290B-1993-48B6-ADFA-0F96762D3460}.Release|Any CPU.ActiveCfg = Release|Any CPU
		{D196290B-1993-48B6-ADFA-0F96762D3460}.Release|Any CPU.Build.0 = Release|Any CPU
		{D196290B-1993-48B6-ADFA-0F96762D3460}.Release|x64.ActiveCfg = Release|Any CPU
		{D196290B-1993-48B6-ADFA-0F96762D3460}.Release|x64.Build.0 = Release|Any CPU
		{D196290B-1993-48B6-ADFA-0F96762D3460}.Release|x86.ActiveCfg = Release|Any CPU
		{D196290B-1993-48B6-ADFA-0F96762D3460}.Release|x86.Build.0 = Release|Any CPU
		{1965B388-FB36-4DD8-81A0-FCAA991D77E5}.Debug|Any CPU.ActiveCfg = Debug|Any CPU
		{1965B388-FB36-4DD8-81A0-FCAA991D77E5}.Debug|Any CPU.Build.0 = Debug|Any CPU
		{1965B388-FB36-4DD8-81A0-FCAA991D77E5}.Debug|x64.ActiveCfg = Debug|Any CPU
		{1965B388-FB36-4DD8-81A0-FCAA991D77E5}.Debug|x64.Build.0 = Debug|Any CPU
		{1965B388-FB36-4DD8-81A0-FCAA991D77E5}.Debug|x86.ActiveCfg = Debug|Any CPU
		{1965B388-FB36-4DD8-81A0-FCAA991D77E5}.Debug|x86.Build.0 = Debug|Any CPU
		{1965B388-FB36-4DD8-81A0-FCAA991D77E5}.Release|Any CPU.ActiveCfg = Release|Any CPU
		{1965B388-FB36-4DD8-81A0-FCAA991D77E5}.Release|Any CPU.Build.0 = Release|Any CPU
		{1965B388-FB36-4DD8-81A0-FCAA991D77E5}.Release|x64.ActiveCfg = Release|Any CPU
		{1965B388-FB36-4DD8-81A0-FCAA991D77E5}.Release|x64.Build.0 = Release|Any CPU
		{1965B388-FB36-4DD8-81A0-FCAA991D77E5}.Release|x86.ActiveCfg = Release|Any CPU
		{1965B388-FB36-4DD8-81A0-FCAA991D77E5}.Release|x86.Build.0 = Release|Any CPU
		{54CE8165-3BD4-40C4-A060-D896C7FDDD1D}.Debug|Any CPU.ActiveCfg = Debug|Any CPU
		{54CE8165-3BD4-40C4-A060-D896C7FDDD1D}.Debug|Any CPU.Build.0 = Debug|Any CPU
		{54CE8165-3BD4-40C4-A060-D896C7FDDD1D}.Debug|x64.ActiveCfg = Debug|Any CPU
		{54CE8165-3BD4-40C4-A060-D896C7FDDD1D}.Debug|x64.Build.0 = Debug|Any CPU
		{54CE8165-3BD4-40C4-A060-D896C7FDDD1D}.Debug|x86.ActiveCfg = Debug|Any CPU
		{54CE8165-3BD4-40C4-A060-D896C7FDDD1D}.Debug|x86.Build.0 = Debug|Any CPU
		{54CE8165-3BD4-40C4-A060-D896C7FDDD1D}.Release|Any CPU.ActiveCfg = Release|Any CPU
		{54CE8165-3BD4-40C4-A060-D896C7FDDD1D}.Release|Any CPU.Build.0 = Release|Any CPU
		{54CE8165-3BD4-40C4-A060-D896C7FDDD1D}.Release|x64.ActiveCfg = Release|Any CPU
		{54CE8165-3BD4-40C4-A060-D896C7FDDD1D}.Release|x64.Build.0 = Release|Any CPU
		{54CE8165-3BD4-40C4-A060-D896C7FDDD1D}.Release|x86.ActiveCfg = Release|Any CPU
		{54CE8165-3BD4-40C4-A060-D896C7FDDD1D}.Release|x86.Build.0 = Release|Any CPU
		{5055A084-94EB-4FAF-84C3-F1C9ED79F17D}.Debug|Any CPU.ActiveCfg = Debug|Any CPU
		{5055A084-94EB-4FAF-84C3-F1C9ED79F17D}.Debug|Any CPU.Build.0 = Debug|Any CPU
		{5055A084-94EB-4FAF-84C3-F1C9ED79F17D}.Debug|x64.ActiveCfg = Debug|Any CPU
		{5055A084-94EB-4FAF-84C3-F1C9ED79F17D}.Debug|x64.Build.0 = Debug|Any CPU
		{5055A084-94EB-4FAF-84C3-F1C9ED79F17D}.Debug|x86.ActiveCfg = Debug|Any CPU
		{5055A084-94EB-4FAF-84C3-F1C9ED79F17D}.Debug|x86.Build.0 = Debug|Any CPU
		{5055A084-94EB-4FAF-84C3-F1C9ED79F17D}.Release|Any CPU.ActiveCfg = Release|Any CPU
		{5055A084-94EB-4FAF-84C3-F1C9ED79F17D}.Release|Any CPU.Build.0 = Release|Any CPU
		{5055A084-94EB-4FAF-84C3-F1C9ED79F17D}.Release|x64.ActiveCfg = Release|Any CPU
		{5055A084-94EB-4FAF-84C3-F1C9ED79F17D}.Release|x64.Build.0 = Release|Any CPU
		{5055A084-94EB-4FAF-84C3-F1C9ED79F17D}.Release|x86.ActiveCfg = Release|Any CPU
		{5055A084-94EB-4FAF-84C3-F1C9ED79F17D}.Release|x86.Build.0 = Release|Any CPU
	EndGlobalSection
	GlobalSection(SolutionProperties) = preSolution
		HideSolutionNode = FALSE
	EndGlobalSection
EndGlobal
